
Microsoft Visual Studio Solution File, Format Version 12.00
# Visual Studio Version 17
VisualStudioVersion = 17.3.32922.545
MinimumVisualStudioVersion = 10.0.40219.1
Project("{FAE04EC0-301F-11D3-BF4B-00C04F79EFBC}") = "KursRab", "KursRab\KursRab.csproj", "{B067D621-00ED-466F-B69E-92F8C4A11637}"
EndProject
Global
	GlobalSection(SolutionConfigurationPlatforms) = preSolution
		Debug|Any CPU = Debug|Any CPU
		Release|Any CPU = Release|Any CPU
	EndGlobalSection
	GlobalSection(ProjectConfigurationPlatforms) = postSolution
		{B067D621-00ED-466F-B69E-92F8C4A11637}.Debug|Any CPU.ActiveCfg = Debug|Any CPU
		{B067D621-00ED-466F-B69E-92F8C4A11637}.Debug|Any CPU.Build.0 = Debug|Any CPU
		{B067D621-00ED-466F-B69E-92F8C4A11637}.Release|Any CPU.ActiveCfg = Release|Any CPU
		{B067D621-00ED-466F-B69E-92F8C4A11637}.Release|Any CPU.Build.0 = Release|Any CPU
	EndGlobalSection
	GlobalSection(SolutionProperties) = preSolution
		HideSolutionNode = FALSE
	EndGlobalSection
	GlobalSection(ExtensibilityGlobals) = postSolution
		SolutionGuid = {40E0CA6D-1A28-41AC-BA81-4EB3B82EFD6E}
	EndGlobalSection
EndGlobal
